
Microsoft Visual Studio Solution File, Format Version 12.00
# Visual Studio 15
VisualStudioVersion = 15.0.28010.2003
MinimumVisualStudioVersion = 10.0.40219.1
Project("{2150E333-8FDC-42A3-9474-1A3956D46DE8}") = "src", "src", "{1E18B383-CA5D-4550-88CE-D7C349EF6F14}"
EndProject
Project("{9A19103F-16F7-4668-BE54-9A1E7A4F7556}") = "MechLovers.Common", "src\backend\MechLovers.Common\MechLovers.Common.csproj", "{F062E337-4DAD-44C8-A884-BB884EB83815}"
EndProject
Project("{9A19103F-16F7-4668-BE54-9A1E7A4F7556}") = "MechLovers.WebApi.Cliente", "src\backend\MechLovers.WebApi.Cliente\MechLovers.WebApi.Cliente.csproj", "{454C4BFC-B2BA-4912-935B-1411B0FC6801}"
EndProject
Project("{2150E333-8FDC-42A3-9474-1A3956D46DE8}") = "Solution Files", "Solution Files", "{7743DDB1-D40E-472E-A4B9-5245680B8DA7}"
	ProjectSection(SolutionItems) = preProject
		docker-compose.yml = docker-compose.yml
		Dockerfile = Dockerfile
		Jenkinsfile = Jenkinsfile
		Vagrantfile = Vagrantfile
	EndProjectSection
EndProject
Project("{9A19103F-16F7-4668-BE54-9A1E7A4F7556}") = "MechLovers.WebApi.Admin", "src\backend\MechLovers.WebApi.Admin\MechLovers.WebApi.Admin.csproj", "{56DE34D0-5816-4508-A091-EE160F18ECB5}"
EndProject
Project("{9A19103F-16F7-4668-BE54-9A1E7A4F7556}") = "MechLovers.WebApi.OrdemServico", "src\backend\MechLovers.WebApi.OrdemServico\MechLovers.WebApi.OrdemServico.csproj", "{B3AC1C1C-60C1-42AE-B0CB-DB41AEA9D69A}"
EndProject
Global
	GlobalSection(SolutionConfigurationPlatforms) = preSolution
		Debug|Any CPU = Debug|Any CPU
		Release|Any CPU = Release|Any CPU
	EndGlobalSection
	GlobalSection(ProjectConfigurationPlatforms) = postSolution
		{F062E337-4DAD-44C8-A884-BB884EB83815}.Debug|Any CPU.ActiveCfg = Debug|Any CPU
		{F062E337-4DAD-44C8-A884-BB884EB83815}.Debug|Any CPU.Build.0 = Debug|Any CPU
		{F062E337-4DAD-44C8-A884-BB884EB83815}.Release|Any CPU.ActiveCfg = Release|Any CPU
		{F062E337-4DAD-44C8-A884-BB884EB83815}.Release|Any CPU.Build.0 = Release|Any CPU
		{454C4BFC-B2BA-4912-935B-1411B0FC6801}.Debug|Any CPU.ActiveCfg = Debug|Any CPU
		{454C4BFC-B2BA-4912-935B-1411B0FC6801}.Debug|Any CPU.Build.0 = Debug|Any CPU
		{454C4BFC-B2BA-4912-935B-1411B0FC6801}.Release|Any CPU.ActiveCfg = Release|Any CPU
		{454C4BFC-B2BA-4912-935B-1411B0FC6801}.Release|Any CPU.Build.0 = Release|Any CPU
		{56DE34D0-5816-4508-A091-EE160F18ECB5}.Debug|Any CPU.ActiveCfg = Debug|Any CPU
		{56DE34D0-5816-4508-A091-EE160F18ECB5}.Debug|Any CPU.Build.0 = Debug|Any CPU
		{56DE34D0-5816-4508-A091-EE160F18ECB5}.Release|Any CPU.ActiveCfg = Release|Any CPU
		{56DE34D0-5816-4508-A091-EE160F18ECB5}.Release|Any CPU.Build.0 = Release|Any CPU
		{B3AC1C1C-60C1-42AE-B0CB-DB41AEA9D69A}.Debug|Any CPU.ActiveCfg = Debug|Any CPU
		{B3AC1C1C-60C1-42AE-B0CB-DB41AEA9D69A}.Debug|Any CPU.Build.0 = Debug|Any CPU
		{B3AC1C1C-60C1-42AE-B0CB-DB41AEA9D69A}.Release|Any CPU.ActiveCfg = Release|Any CPU
		{B3AC1C1C-60C1-42AE-B0CB-DB41AEA9D69A}.Release|Any CPU.Build.0 = Release|Any CPU
	EndGlobalSection
	GlobalSection(SolutionProperties) = preSolution
		HideSolutionNode = FALSE
	EndGlobalSection
	GlobalSection(NestedProjects) = preSolution
		{F062E337-4DAD-44C8-A884-BB884EB83815} = {1E18B383-CA5D-4550-88CE-D7C349EF6F14}
		{454C4BFC-B2BA-4912-935B-1411B0FC6801} = {1E18B383-CA5D-4550-88CE-D7C349EF6F14}
		{56DE34D0-5816-4508-A091-EE160F18ECB5} = {1E18B383-CA5D-4550-88CE-D7C349EF6F14}
		{B3AC1C1C-60C1-42AE-B0CB-DB41AEA9D69A} = {1E18B383-CA5D-4550-88CE-D7C349EF6F14}
	EndGlobalSection
	GlobalSection(ExtensibilityGlobals) = postSolution
		SolutionGuid = {4627B414-D037-49EF-8226-4100966BB84F}
	EndGlobalSection
EndGlobal
